
Microsoft Visual Studio Solution File, Format Version 12.00
# Visual Studio Version 17
VisualStudioVersion = 17.12.35527.113 d17.12
MinimumVisualStudioVersion = 10.0.40219.1
Project("{FAE04EC0-301F-11D3-BF4B-00C04F79EFBC}") = "LibraryManagementSystem_MVC", "LibraryManagementSystem_MVC\LibraryManagementSystem_MVC.csproj", "{6A081F75-E0C1-4991-8D61-CD28F9D575DE}"
EndProject
Global
	GlobalSection(SolutionConfigurationPlatforms) = preSolution
		Debug|Any CPU = Debug|Any CPU
		Release|Any CPU = Release|Any CPU
	EndGlobalSection
	GlobalSection(ProjectConfigurationPlatforms) = postSolution
		{6A081F75-E0C1-4991-8D61-CD28F9D575DE}.Debug|Any CPU.ActiveCfg = Debug|Any CPU
		{6A081F75-E0C1-4991-8D61-CD28F9D575DE}.Debug|Any CPU.Build.0 = Debug|Any CPU
		{6A081F75-E0C1-4991-8D61-CD28F9D575DE}.Release|Any CPU.ActiveCfg = Release|Any CPU
		{6A081F75-E0C1-4991-8D61-CD28F9D575DE}.Release|Any CPU.Build.0 = Release|Any CPU
	EndGlobalSection
	GlobalSection(SolutionProperties) = preSolution
		HideSolutionNode = FALSE
	EndGlobalSection
EndGlobal
